// !$*UTF8*$!
{
	archiveVersion = 1;
	classes = {
	};
	objectVersion = 48;
	objects = {

/* Begin PBXBuildFile section */
		8CEF55691B9D3DC4336A36F4 /* Pods_Due.framework in Frameworks */ = {isa = PBXBuildFile; fileRef = 6E47723E829DDED0C9E252E8 /* Pods_Due.framework */; };
		A04131541F75731C007337EA /* AppDelegate.swift in Sources */ = {isa = PBXBuildFile; fileRef = A04131531F75731C007337EA /* AppDelegate.swift */; };
		A041315B1F75731C007337EA /* Assets.xcassets in Resources */ = {isa = PBXBuildFile; fileRef = A041315A1F75731C007337EA /* Assets.xcassets */; };
		A041315E1F75731C007337EA /* LaunchScreen.storyboard in Resources */ = {isa = PBXBuildFile; fileRef = A041315C1F75731C007337EA /* LaunchScreen.storyboard */; };
		A04131731F7580B9007337EA /* EventModel.swift in Sources */ = {isa = PBXBuildFile; fileRef = A04131721F7580B9007337EA /* EventModel.swift */; };
		A04131751F7580F0007337EA /* DetailsModel.swift in Sources */ = {isa = PBXBuildFile; fileRef = A04131741F7580F0007337EA /* DetailsModel.swift */; };
		A04131771F758155007337EA /* PortalButton.swift in Sources */ = {isa = PBXBuildFile; fileRef = A04131761F758155007337EA /* PortalButton.swift */; };
		A04131791F758163007337EA /* Donation.swift in Sources */ = {isa = PBXBuildFile; fileRef = A04131781F758163007337EA /* Donation.swift */; };
		A041317B1F758171007337EA /* Photo.swift in Sources */ = {isa = PBXBuildFile; fileRef = A041317A1F758171007337EA /* Photo.swift */; };
		A041317D1F75817C007337EA /* Message.swift in Sources */ = {isa = PBXBuildFile; fileRef = A041317C1F75817C007337EA /* Message.swift */; };
		A041317F1F75818B007337EA /* Padrinho.swift in Sources */ = {isa = PBXBuildFile; fileRef = A041317E1F75818B007337EA /* Padrinho.swift */; };
		A04131811F758197007337EA /* Info.swift in Sources */ = {isa = PBXBuildFile; fileRef = A04131801F758197007337EA /* Info.swift */; };
		A04131831F7581A8007337EA /* Forne.swift in Sources */ = {isa = PBXBuildFile; fileRef = A04131821F7581A8007337EA /* Forne.swift */; };
		A04131851F7581B1007337EA /* Foto.swift in Sources */ = {isa = PBXBuildFile; fileRef = A04131841F7581B1007337EA /* Foto.swift */; };
		A04131871F7581C4007337EA /* AlbumPhoto.swift in Sources */ = {isa = PBXBuildFile; fileRef = A04131861F7581C4007337EA /* AlbumPhoto.swift */; };
		A04131891F7581EE007337EA /* NetworkImageView.swift in Sources */ = {isa = PBXBuildFile; fileRef = A04131881F7581EE007337EA /* NetworkImageView.swift */; };
		A041318B1F758201007337EA /* BounceButton.swift in Sources */ = {isa = PBXBuildFile; fileRef = A041318A1F758201007337EA /* BounceButton.swift */; };
		A041318D1F75820F007337EA /* CustomTF.swift in Sources */ = {isa = PBXBuildFile; fileRef = A041318C1F75820F007337EA /* CustomTF.swift */; };
		A041318F1F758222007337EA /* Support.swift in Sources */ = {isa = PBXBuildFile; fileRef = A041318E1F758222007337EA /* Support.swift */; };
		A04131931F758241007337EA /* LoadingView.swift in Sources */ = {isa = PBXBuildFile; fileRef = A04131921F758241007337EA /* LoadingView.swift */; };
		A04131951F758250007337EA /* DiagonalView.swift in Sources */ = {isa = PBXBuildFile; fileRef = A04131941F758250007337EA /* DiagonalView.swift */; };
		A04131971F758260007337EA /* CardBack.swift in Sources */ = {isa = PBXBuildFile; fileRef = A04131961F758260007337EA /* CardBack.swift */; };
		A04131991F758269007337EA /* CardFront.swift in Sources */ = {isa = PBXBuildFile; fileRef = A04131981F758269007337EA /* CardFront.swift */; };
		A041319B1F758284007337EA /* HomeScreenCell.swift in Sources */ = {isa = PBXBuildFile; fileRef = A041319A1F758284007337EA /* HomeScreenCell.swift */; };
		A041319D1F758290007337EA /* PortalCell.swift in Sources */ = {isa = PBXBuildFile; fileRef = A041319C1F758290007337EA /* PortalCell.swift */; };
		A041319F1F758299007337EA /* InfoCell.swift in Sources */ = {isa = PBXBuildFile; fileRef = A041319E1F758299007337EA /* InfoCell.swift */; };
		A04131A11F7582A8007337EA /* PadrinhoCell.swift in Sources */ = {isa = PBXBuildFile; fileRef = A04131A01F7582A8007337EA /* PadrinhoCell.swift */; };
		A04131A31F7582C0007337EA /* ForneCell.swift in Sources */ = {isa = PBXBuildFile; fileRef = A04131A21F7582C0007337EA /* ForneCell.swift */; };
		A04131A51F7582D3007337EA /* CoupleCell.swift in Sources */ = {isa = PBXBuildFile; fileRef = A04131A41F7582D3007337EA /* CoupleCell.swift */; };
		A04131A71F7582E6007337EA /* StoryCell.swift in Sources */ = {isa = PBXBuildFile; fileRef = A04131A61F7582E6007337EA /* StoryCell.swift */; };
		A04131A91F7582F6007337EA /* AlbumPhotoCell.swift in Sources */ = {isa = PBXBuildFile; fileRef = A04131A81F7582F6007337EA /* AlbumPhotoCell.swift */; };
		A04131AB1F758301007337EA /* PhotoCell.swift in Sources */ = {isa = PBXBuildFile; fileRef = A04131AA1F758301007337EA /* PhotoCell.swift */; };
		A04131AE1F75845D007337EA /* InitialVC.swift in Sources */ = {isa = PBXBuildFile; fileRef = A04131AD1F75845D007337EA /* InitialVC.swift */; };
		A04131B01F7584A0007337EA /* SignupVC.swift in Sources */ = {isa = PBXBuildFile; fileRef = A04131AF1F7584A0007337EA /* SignupVC.swift */; };
		A04131B21F758505007337EA /* DocsVC.swift in Sources */ = {isa = PBXBuildFile; fileRef = A04131B11F758505007337EA /* DocsVC.swift */; };
		A04131B41F758515007337EA /* FaqVC.swift in Sources */ = {isa = PBXBuildFile; fileRef = A04131B31F758515007337EA /* FaqVC.swift */; };
		A04131B61F758538007337EA /* HomeVC.swift in Sources */ = {isa = PBXBuildFile; fileRef = A04131B51F758538007337EA /* HomeVC.swift */; };
		A04131B81F758549007337EA /* SaleVC.swift in Sources */ = {isa = PBXBuildFile; fileRef = A04131B71F758549007337EA /* SaleVC.swift */; };
		A04131BA1F758557007337EA /* PriceVC.swift in Sources */ = {isa = PBXBuildFile; fileRef = A04131B91F758557007337EA /* PriceVC.swift */; };
		A04131BC1F75856D007337EA /* CheckoutVC.swift in Sources */ = {isa = PBXBuildFile; fileRef = A04131BB1F75856D007337EA /* CheckoutVC.swift */; };
		A04131BE1F75857B007337EA /* ReceiptVC.swift in Sources */ = {isa = PBXBuildFile; fileRef = A04131BD1F75857B007337EA /* ReceiptVC.swift */; };
		A04131C01F75858A007337EA /* AccessVC.swift in Sources */ = {isa = PBXBuildFile; fileRef = A04131BF1F75858A007337EA /* AccessVC.swift */; };
		A04131C21F758596007337EA /* SettingsVC.swift in Sources */ = {isa = PBXBuildFile; fileRef = A04131C11F758596007337EA /* SettingsVC.swift */; };
		A04131C41F7585E1007337EA /* GuideVC.swift in Sources */ = {isa = PBXBuildFile; fileRef = A04131C31F7585E1007337EA /* GuideVC.swift */; };
		A04131C61F7585F1007337EA /* PortalVC.swift in Sources */ = {isa = PBXBuildFile; fileRef = A04131C51F7585F1007337EA /* PortalVC.swift */; };
		A04131C81F758603007337EA /* RenewVC.swift in Sources */ = {isa = PBXBuildFile; fileRef = A04131C71F758603007337EA /* RenewVC.swift */; };
		A04131CA1F758613007337EA /* EventNameVC.swift in Sources */ = {isa = PBXBuildFile; fileRef = A04131C91F758613007337EA /* EventNameVC.swift */; };
		A04131CC1F758622007337EA /* NameChangeVC.swift in Sources */ = {isa = PBXBuildFile; fileRef = A04131CB1F758622007337EA /* NameChangeVC.swift */; };
		A04131CE1F758637007337EA /* MainVC.swift in Sources */ = {isa = PBXBuildFile; fileRef = A04131CD1F758637007337EA /* MainVC.swift */; };
		A04131D01F758646007337EA /* EditSongVC.swift in Sources */ = {isa = PBXBuildFile; fileRef = A04131CF1F758646007337EA /* EditSongVC.swift */; };
		A04131D21F75865C007337EA /* CoupleVC.swift in Sources */ = {isa = PBXBuildFile; fileRef = A04131D11F75865C007337EA /* CoupleVC.swift */; };
		A04131D41F75866A007337EA /* EditCoupleVC.swift in Sources */ = {isa = PBXBuildFile; fileRef = A04131D31F75866A007337EA /* EditCoupleVC.swift */; };
		A04131D61F75867B007337EA /* PhotoAlbumVC.swift in Sources */ = {isa = PBXBuildFile; fileRef = A04131D51F75867B007337EA /* PhotoAlbumVC.swift */; };
		A04131D81F75868F007337EA /* AddPhotoVC.swift in Sources */ = {isa = PBXBuildFile; fileRef = A04131D71F75868F007337EA /* AddPhotoVC.swift */; };
		A04131DA1F7586A1007337EA /* PadrinhosVC.swift in Sources */ = {isa = PBXBuildFile; fileRef = A04131D91F7586A1007337EA /* PadrinhosVC.swift */; };
		A04131DC1F7586BA007337EA /* AddPadrinhoVC.swift in Sources */ = {isa = PBXBuildFile; fileRef = A04131DB1F7586BA007337EA /* AddPadrinhoVC.swift */; };
		A04131DE1F7586CC007337EA /* EventoVC.swift in Sources */ = {isa = PBXBuildFile; fileRef = A04131DD1F7586CC007337EA /* EventoVC.swift */; };
		A04131E01F7586D8007337EA /* InfoListVC.swift in Sources */ = {isa = PBXBuildFile; fileRef = A04131DF1F7586D8007337EA /* InfoListVC.swift */; };
		A04131E21F7586E7007337EA /* EditInfoVC.swift in Sources */ = {isa = PBXBuildFile; fileRef = A04131E11F7586E7007337EA /* EditInfoVC.swift */; };
		A04131E41F7586FF007337EA /* GiftsVC.swift in Sources */ = {isa = PBXBuildFile; fileRef = A04131E31F7586FF007337EA /* GiftsVC.swift */; };
		A04131E61F758712007337EA /* GiftsGuideVC.swift in Sources */ = {isa = PBXBuildFile; fileRef = A04131E51F758712007337EA /* GiftsGuideVC.swift */; };
		A04131E81F758720007337EA /* FormVC.swift in Sources */ = {isa = PBXBuildFile; fileRef = A04131E71F758720007337EA /* FormVC.swift */; };
		A04131EA1F758755007337EA /* LoadingVC.swift in Sources */ = {isa = PBXBuildFile; fileRef = A04131E91F758755007337EA /* LoadingVC.swift */; };
		A04131EC1F75877F007337EA /* TabBar.swift in Sources */ = {isa = PBXBuildFile; fileRef = A04131EB1F75877F007337EA /* TabBar.swift */; };
		A04131EE1F758795007337EA /* FirstVC.swift in Sources */ = {isa = PBXBuildFile; fileRef = A04131ED1F758795007337EA /* FirstVC.swift */; };
		A04131F01F7587A2007337EA /* CasalVC.swift in Sources */ = {isa = PBXBuildFile; fileRef = A04131EF1F7587A2007337EA /* CasalVC.swift */; };
		A04131F21F7587B5007337EA /* AlbumVC.swift in Sources */ = {isa = PBXBuildFile; fileRef = A04131F11F7587B5007337EA /* AlbumVC.swift */; };
		A04131F41F7587C4007337EA /* SecondVC.swift in Sources */ = {isa = PBXBuildFile; fileRef = A04131F31F7587C4007337EA /* SecondVC.swift */; };
		A04131F61F7587D2007337EA /* ThirdVC.swift in Sources */ = {isa = PBXBuildFile; fileRef = A04131F51F7587D2007337EA /* ThirdVC.swift */; };
		A04131F81F7587EC007337EA /* MessagesVC.swift in Sources */ = {isa = PBXBuildFile; fileRef = A04131F71F7587EC007337EA /* MessagesVC.swift */; };
		A04131FA1F7587FC007337EA /* MessageVC.swift in Sources */ = {isa = PBXBuildFile; fileRef = A04131F91F7587FC007337EA /* MessageVC.swift */; };
		A04131FC1F75880E007337EA /* PhotosVC.swift in Sources */ = {isa = PBXBuildFile; fileRef = A04131FB1F75880E007337EA /* PhotosVC.swift */; };
		A04131FE1F758822007337EA /* PhotoZoomVC.swift in Sources */ = {isa = PBXBuildFile; fileRef = A04131FD1F758822007337EA /* PhotoZoomVC.swift */; };
		A04132001F75882F007337EA /* PhotoVC.swift in Sources */ = {isa = PBXBuildFile; fileRef = A04131FF1F75882F007337EA /* PhotoVC.swift */; };
		A04132021F75883D007337EA /* EventVC.swift in Sources */ = {isa = PBXBuildFile; fileRef = A04132011F75883D007337EA /* EventVC.swift */; };
		A04132041F758847007337EA /* InfoVC.swift in Sources */ = {isa = PBXBuildFile; fileRef = A04132031F758847007337EA /* InfoVC.swift */; };
		A04132061F758854007337EA /* FourthVC.swift in Sources */ = {isa = PBXBuildFile; fileRef = A04132051F758854007337EA /* FourthVC.swift */; };
		A04132081F758865007337EA /* ChargeVC.swift in Sources */ = {isa = PBXBuildFile; fileRef = A04132071F758865007337EA /* ChargeVC.swift */; };
		A041320A1F758876007337EA /* ChargeFaqVC.swift in Sources */ = {isa = PBXBuildFile; fileRef = A04132091F758876007337EA /* ChargeFaqVC.swift */; };
/* End PBXBuildFile section */

/* Begin PBXFileReference section */
		0DD040F4241C3A1EE4365BCB /* Pods-Due.debug.xcconfig */ = {isa = PBXFileReference; includeInIndex = 1; lastKnownFileType = text.xcconfig; name = "Pods-Due.debug.xcconfig"; path = "Pods/Target Support Files/Pods-Due/Pods-Due.debug.xcconfig"; sourceTree = "<group>"; };
		586DCA15D0CAE131316E672C /* Pods-Due.release.xcconfig */ = {isa = PBXFileReference; includeInIndex = 1; lastKnownFileType = text.xcconfig; name = "Pods-Due.release.xcconfig"; path = "Pods/Target Support Files/Pods-Due/Pods-Due.release.xcconfig"; sourceTree = "<group>"; };
		6E47723E829DDED0C9E252E8 /* Pods_Due.framework */ = {isa = PBXFileReference; explicitFileType = wrapper.framework; includeInIndex = 0; path = Pods_Due.framework; sourceTree = BUILT_PRODUCTS_DIR; };
		A04131501F75731C007337EA /* Due.app */ = {isa = PBXFileReference; explicitFileType = wrapper.application; includeInIndex = 0; path = Due.app; sourceTree = BUILT_PRODUCTS_DIR; };
		A04131531F75731C007337EA /* AppDelegate.swift */ = {isa = PBXFileReference; lastKnownFileType = sourcecode.swift; path = AppDelegate.swift; sourceTree = "<group>"; };
		A041315A1F75731C007337EA /* Assets.xcassets */ = {isa = PBXFileReference; lastKnownFileType = folder.assetcatalog; path = Assets.xcassets; sourceTree = "<group>"; };
		A041315D1F75731C007337EA /* Base */ = {isa = PBXFileReference; lastKnownFileType = file.storyboard; name = Base; path = Base.lproj/LaunchScreen.storyboard; sourceTree = "<group>"; };
		A041315F1F75731C007337EA /* Info.plist */ = {isa = PBXFileReference; lastKnownFileType = text.plist.xml; path = Info.plist; sourceTree = "<group>"; };
		A04131721F7580B9007337EA /* EventModel.swift */ = {isa = PBXFileReference; lastKnownFileType = sourcecode.swift; path = EventModel.swift; sourceTree = "<group>"; };
		A04131741F7580F0007337EA /* DetailsModel.swift */ = {isa = PBXFileReference; lastKnownFileType = sourcecode.swift; path = DetailsModel.swift; sourceTree = "<group>"; };
		A04131761F758155007337EA /* PortalButton.swift */ = {isa = PBXFileReference; lastKnownFileType = sourcecode.swift; path = PortalButton.swift; sourceTree = "<group>"; };
		A04131781F758163007337EA /* Donation.swift */ = {isa = PBXFileReference; lastKnownFileType = sourcecode.swift; path = Donation.swift; sourceTree = "<group>"; };
		A041317A1F758171007337EA /* Photo.swift */ = {isa = PBXFileReference; lastKnownFileType = sourcecode.swift; path = Photo.swift; sourceTree = "<group>"; };
		A041317C1F75817C007337EA /* Message.swift */ = {isa = PBXFileReference; lastKnownFileType = sourcecode.swift; path = Message.swift; sourceTree = "<group>"; };
		A041317E1F75818B007337EA /* Padrinho.swift */ = {isa = PBXFileReference; lastKnownFileType = sourcecode.swift; path = Padrinho.swift; sourceTree = "<group>"; };
		A04131801F758197007337EA /* Info.swift */ = {isa = PBXFileReference; lastKnownFileType = sourcecode.swift; path = Info.swift; sourceTree = "<group>"; };
		A04131821F7581A8007337EA /* Forne.swift */ = {isa = PBXFileReference; lastKnownFileType = sourcecode.swift; path = Forne.swift; sourceTree = "<group>"; };
		A04131841F7581B1007337EA /* Foto.swift */ = {isa = PBXFileReference; lastKnownFileType = sourcecode.swift; path = Foto.swift; sourceTree = "<group>"; };
		A04131861F7581C4007337EA /* AlbumPhoto.swift */ = {isa = PBXFileReference; lastKnownFileType = sourcecode.swift; path = AlbumPhoto.swift; sourceTree = "<group>"; };
		A04131881F7581EE007337EA /* NetworkImageView.swift */ = {isa = PBXFileReference; lastKnownFileType = sourcecode.swift; path = NetworkImageView.swift; sourceTree = "<group>"; };
		A041318A1F758201007337EA /* BounceButton.swift */ = {isa = PBXFileReference; lastKnownFileType = sourcecode.swift; path = BounceButton.swift; sourceTree = "<group>"; };
		A041318C1F75820F007337EA /* CustomTF.swift */ = {isa = PBXFileReference; lastKnownFileType = sourcecode.swift; path = CustomTF.swift; sourceTree = "<group>"; };
		A041318E1F758222007337EA /* Support.swift */ = {isa = PBXFileReference; lastKnownFileType = sourcecode.swift; path = Support.swift; sourceTree = "<group>"; };
		A04131921F758241007337EA /* LoadingView.swift */ = {isa = PBXFileReference; lastKnownFileType = sourcecode.swift; path = LoadingView.swift; sourceTree = "<group>"; };
		A04131941F758250007337EA /* DiagonalView.swift */ = {isa = PBXFileReference; lastKnownFileType = sourcecode.swift; path = DiagonalView.swift; sourceTree = "<group>"; };
		A04131961F758260007337EA /* CardBack.swift */ = {isa = PBXFileReference; lastKnownFileType = sourcecode.swift; path = CardBack.swift; sourceTree = "<group>"; };
		A04131981F758269007337EA /* CardFront.swift */ = {isa = PBXFileReference; lastKnownFileType = sourcecode.swift; path = CardFront.swift; sourceTree = "<group>"; };
		A041319A1F758284007337EA /* HomeScreenCell.swift */ = {isa = PBXFileReference; lastKnownFileType = sourcecode.swift; path = HomeScreenCell.swift; sourceTree = "<group>"; };
		A041319C1F758290007337EA /* PortalCell.swift */ = {isa = PBXFileReference; lastKnownFileType = sourcecode.swift; path = PortalCell.swift; sourceTree = "<group>"; };
		A041319E1F758299007337EA /* InfoCell.swift */ = {isa = PBXFileReference; lastKnownFileType = sourcecode.swift; path = InfoCell.swift; sourceTree = "<group>"; };
		A04131A01F7582A8007337EA /* PadrinhoCell.swift */ = {isa = PBXFileReference; lastKnownFileType = sourcecode.swift; path = PadrinhoCell.swift; sourceTree = "<group>"; };
		A04131A21F7582C0007337EA /* ForneCell.swift */ = {isa = PBXFileReference; lastKnownFileType = sourcecode.swift; path = ForneCell.swift; sourceTree = "<group>"; };
		A04131A41F7582D3007337EA /* CoupleCell.swift */ = {isa = PBXFileReference; lastKnownFileType = sourcecode.swift; path = CoupleCell.swift; sourceTree = "<group>"; };
		A04131A61F7582E6007337EA /* StoryCell.swift */ = {isa = PBXFileReference; lastKnownFileType = sourcecode.swift; path = StoryCell.swift; sourceTree = "<group>"; };
		A04131A81F7582F6007337EA /* AlbumPhotoCell.swift */ = {isa = PBXFileReference; lastKnownFileType = sourcecode.swift; path = AlbumPhotoCell.swift; sourceTree = "<group>"; };
		A04131AA1F758301007337EA /* PhotoCell.swift */ = {isa = PBXFileReference; lastKnownFileType = sourcecode.swift; path = PhotoCell.swift; sourceTree = "<group>"; };
		A04131AD1F75845D007337EA /* InitialVC.swift */ = {isa = PBXFileReference; lastKnownFileType = sourcecode.swift; path = InitialVC.swift; sourceTree = "<group>"; };
		A04131AF1F7584A0007337EA /* SignupVC.swift */ = {isa = PBXFileReference; lastKnownFileType = sourcecode.swift; path = SignupVC.swift; sourceTree = "<group>"; };
		A04131B11F758505007337EA /* DocsVC.swift */ = {isa = PBXFileReference; lastKnownFileType = sourcecode.swift; path = DocsVC.swift; sourceTree = "<group>"; };
		A04131B31F758515007337EA /* FaqVC.swift */ = {isa = PBXFileReference; lastKnownFileType = sourcecode.swift; path = FaqVC.swift; sourceTree = "<group>"; };
		A04131B51F758538007337EA /* HomeVC.swift */ = {isa = PBXFileReference; lastKnownFileType = sourcecode.swift; path = HomeVC.swift; sourceTree = "<group>"; };
		A04131B71F758549007337EA /* SaleVC.swift */ = {isa = PBXFileReference; lastKnownFileType = sourcecode.swift; path = SaleVC.swift; sourceTree = "<group>"; };
		A04131B91F758557007337EA /* PriceVC.swift */ = {isa = PBXFileReference; lastKnownFileType = sourcecode.swift; path = PriceVC.swift; sourceTree = "<group>"; };
		A04131BB1F75856D007337EA /* CheckoutVC.swift */ = {isa = PBXFileReference; lastKnownFileType = sourcecode.swift; path = CheckoutVC.swift; sourceTree = "<group>"; };
		A04131BD1F75857B007337EA /* ReceiptVC.swift */ = {isa = PBXFileReference; lastKnownFileType = sourcecode.swift; path = ReceiptVC.swift; sourceTree = "<group>"; };
		A04131BF1F75858A007337EA /* AccessVC.swift */ = {isa = PBXFileReference; lastKnownFileType = sourcecode.swift; path = AccessVC.swift; sourceTree = "<group>"; };
		A04131C11F758596007337EA /* SettingsVC.swift */ = {isa = PBXFileReference; lastKnownFileType = sourcecode.swift; path = SettingsVC.swift; sourceTree = "<group>"; };
		A04131C31F7585E1007337EA /* GuideVC.swift */ = {isa = PBXFileReference; lastKnownFileType = sourcecode.swift; path = GuideVC.swift; sourceTree = "<group>"; };
		A04131C51F7585F1007337EA /* PortalVC.swift */ = {isa = PBXFileReference; lastKnownFileType = sourcecode.swift; path = PortalVC.swift; sourceTree = "<group>"; };
		A04131C71F758603007337EA /* RenewVC.swift */ = {isa = PBXFileReference; lastKnownFileType = sourcecode.swift; path = RenewVC.swift; sourceTree = "<group>"; };
		A04131C91F758613007337EA /* EventNameVC.swift */ = {isa = PBXFileReference; lastKnownFileType = sourcecode.swift; path = EventNameVC.swift; sourceTree = "<group>"; };
		A04131CB1F758622007337EA /* NameChangeVC.swift */ = {isa = PBXFileReference; lastKnownFileType = sourcecode.swift; path = NameChangeVC.swift; sourceTree = "<group>"; };
		A04131CD1F758637007337EA /* MainVC.swift */ = {isa = PBXFileReference; lastKnownFileType = sourcecode.swift; path = MainVC.swift; sourceTree = "<group>"; };
		A04131CF1F758646007337EA /* EditSongVC.swift */ = {isa = PBXFileReference; lastKnownFileType = sourcecode.swift; path = EditSongVC.swift; sourceTree = "<group>"; };
		A04131D11F75865C007337EA /* CoupleVC.swift */ = {isa = PBXFileReference; lastKnownFileType = sourcecode.swift; path = CoupleVC.swift; sourceTree = "<group>"; };
		A04131D31F75866A007337EA /* EditCoupleVC.swift */ = {isa = PBXFileReference; lastKnownFileType = sourcecode.swift; path = EditCoupleVC.swift; sourceTree = "<group>"; };
		A04131D51F75867B007337EA /* PhotoAlbumVC.swift */ = {isa = PBXFileReference; lastKnownFileType = sourcecode.swift; path = PhotoAlbumVC.swift; sourceTree = "<group>"; };
		A04131D71F75868F007337EA /* AddPhotoVC.swift */ = {isa = PBXFileReference; lastKnownFileType = sourcecode.swift; path = AddPhotoVC.swift; sourceTree = "<group>"; };
		A04131D91F7586A1007337EA /* PadrinhosVC.swift */ = {isa = PBXFileReference; lastKnownFileType = sourcecode.swift; path = PadrinhosVC.swift; sourceTree = "<group>"; };
		A04131DB1F7586BA007337EA /* AddPadrinhoVC.swift */ = {isa = PBXFileReference; lastKnownFileType = sourcecode.swift; path = AddPadrinhoVC.swift; sourceTree = "<group>"; };
		A04131DD1F7586CC007337EA /* EventoVC.swift */ = {isa = PBXFileReference; lastKnownFileType = sourcecode.swift; path = EventoVC.swift; sourceTree = "<group>"; };
		A04131DF1F7586D8007337EA /* InfoListVC.swift */ = {isa = PBXFileReference; lastKnownFileType = sourcecode.swift; path = InfoListVC.swift; sourceTree = "<group>"; };
		A04131E11F7586E7007337EA /* EditInfoVC.swift */ = {isa = PBXFileReference; lastKnownFileType = sourcecode.swift; path = EditInfoVC.swift; sourceTree = "<group>"; };
		A04131E31F7586FF007337EA /* GiftsVC.swift */ = {isa = PBXFileReference; lastKnownFileType = sourcecode.swift; path = GiftsVC.swift; sourceTree = "<group>"; };
		A04131E51F758712007337EA /* GiftsGuideVC.swift */ = {isa = PBXFileReference; lastKnownFileType = sourcecode.swift; path = GiftsGuideVC.swift; sourceTree = "<group>"; };
		A04131E71F758720007337EA /* FormVC.swift */ = {isa = PBXFileReference; lastKnownFileType = sourcecode.swift; path = FormVC.swift; sourceTree = "<group>"; };
		A04131E91F758755007337EA /* LoadingVC.swift */ = {isa = PBXFileReference; lastKnownFileType = sourcecode.swift; path = LoadingVC.swift; sourceTree = "<group>"; };
		A04131EB1F75877F007337EA /* TabBar.swift */ = {isa = PBXFileReference; lastKnownFileType = sourcecode.swift; path = TabBar.swift; sourceTree = "<group>"; };
		A04131ED1F758795007337EA /* FirstVC.swift */ = {isa = PBXFileReference; lastKnownFileType = sourcecode.swift; path = FirstVC.swift; sourceTree = "<group>"; };
		A04131EF1F7587A2007337EA /* CasalVC.swift */ = {isa = PBXFileReference; lastKnownFileType = sourcecode.swift; path = CasalVC.swift; sourceTree = "<group>"; };
		A04131F11F7587B5007337EA /* AlbumVC.swift */ = {isa = PBXFileReference; lastKnownFileType = sourcecode.swift; path = AlbumVC.swift; sourceTree = "<group>"; };
		A04131F31F7587C4007337EA /* SecondVC.swift */ = {isa = PBXFileReference; lastKnownFileType = sourcecode.swift; path = SecondVC.swift; sourceTree = "<group>"; };
		A04131F51F7587D2007337EA /* ThirdVC.swift */ = {isa = PBXFileReference; lastKnownFileType = sourcecode.swift; path = ThirdVC.swift; sourceTree = "<group>"; };
		A04131F71F7587EC007337EA /* MessagesVC.swift */ = {isa = PBXFileReference; lastKnownFileType = sourcecode.swift; path = MessagesVC.swift; sourceTree = "<group>"; };
		A04131F91F7587FC007337EA /* MessageVC.swift */ = {isa = PBXFileReference; lastKnownFileType = sourcecode.swift; path = MessageVC.swift; sourceTree = "<group>"; };
		A04131FB1F75880E007337EA /* PhotosVC.swift */ = {isa = PBXFileReference; lastKnownFileType = sourcecode.swift; path = PhotosVC.swift; sourceTree = "<group>"; };
		A04131FD1F758822007337EA /* PhotoZoomVC.swift */ = {isa = PBXFileReference; lastKnownFileType = sourcecode.swift; path = PhotoZoomVC.swift; sourceTree = "<group>"; };
		A04131FF1F75882F007337EA /* PhotoVC.swift */ = {isa = PBXFileReference; lastKnownFileType = sourcecode.swift; path = PhotoVC.swift; sourceTree = "<group>"; };
		A04132011F75883D007337EA /* EventVC.swift */ = {isa = PBXFileReference; lastKnownFileType = sourcecode.swift; path = EventVC.swift; sourceTree = "<group>"; };
		A04132031F758847007337EA /* InfoVC.swift */ = {isa = PBXFileReference; lastKnownFileType = sourcecode.swift; path = InfoVC.swift; sourceTree = "<group>"; };
		A04132051F758854007337EA /* FourthVC.swift */ = {isa = PBXFileReference; lastKnownFileType = sourcecode.swift; path = FourthVC.swift; sourceTree = "<group>"; };
		A04132071F758865007337EA /* ChargeVC.swift */ = {isa = PBXFileReference; lastKnownFileType = sourcecode.swift; path = ChargeVC.swift; sourceTree = "<group>"; };
		A04132091F758876007337EA /* ChargeFaqVC.swift */ = {isa = PBXFileReference; lastKnownFileType = sourcecode.swift; path = ChargeFaqVC.swift; sourceTree = "<group>"; };
		A0D8F2171F79169E005CB665 /* Due-Bridging-Header.h */ = {isa = PBXFileReference; lastKnownFileType = sourcecode.c.h; path = "Due-Bridging-Header.h"; sourceTree = "<group>"; };
		A0D8F2181F79169F005CB665 /* iCarousel.h */ = {isa = PBXFileReference; lastKnownFileType = sourcecode.c.h; path = iCarousel.h; sourceTree = "<group>"; };
		A0D8F2191F79169F005CB665 /* iCarousel.m */ = {isa = PBXFileReference; lastKnownFileType = sourcecode.c.objc; path = iCarousel.m; sourceTree = "<group>"; };
		A0D8F21A1F791907005CB665 /* GoogleService-Info.plist */ = {isa = PBXFileReference; lastKnownFileType = text.plist.xml; path = "GoogleService-Info.plist"; sourceTree = "<group>"; };
		A0D8F21D1F7924C5005CB665 /* KCFABManager.swift */ = {isa = PBXFileReference; lastKnownFileType = sourcecode.swift; path = KCFABManager.swift; sourceTree = "<group>"; };
		A0D8F21E1F7924C5005CB665 /* KCFABViewController.swift */ = {isa = PBXFileReference; lastKnownFileType = sourcecode.swift; path = KCFABViewController.swift; sourceTree = "<group>"; };
		A0D8F21F1F7924C5005CB665 /* KCFABWindow.swift */ = {isa = PBXFileReference; lastKnownFileType = sourcecode.swift; path = KCFABWindow.swift; sourceTree = "<group>"; };
		A0D8F2201F7924C5005CB665 /* KCFloatingActionButton.h */ = {isa = PBXFileReference; lastKnownFileType = sourcecode.c.h; path = KCFloatingActionButton.h; sourceTree = "<group>"; };
		A0D8F2211F7924C5005CB665 /* KCFloatingActionButton.swift */ = {isa = PBXFileReference; lastKnownFileType = sourcecode.swift; path = KCFloatingActionButton.swift; sourceTree = "<group>"; };
		A0D8F2221F7924C5005CB665 /* KCFloatingActionButtonDelegate.swift */ = {isa = PBXFileReference; lastKnownFileType = sourcecode.swift; path = KCFloatingActionButtonDelegate.swift; sourceTree = "<group>"; };
		A0D8F2231F7924C5005CB665 /* KCFloatingActionButtonItem.swift */ = {isa = PBXFileReference; lastKnownFileType = sourcecode.swift; path = KCFloatingActionButtonItem.swift; sourceTree = "<group>"; };
		A0D8F2241F7925D1005CB665 /* SweetAlert.swift */ = {isa = PBXFileReference; lastKnownFileType = sourcecode.swift; path = SweetAlert.swift; sourceTree = "<group>"; };
/* End PBXFileReference section */

/* Begin PBXFrameworksBuildPhase section */
		A041314D1F75731C007337EA /* Frameworks */ = {
			isa = PBXFrameworksBuildPhase;
			buildActionMask = 2147483647;
			files = (
				8CEF55691B9D3DC4336A36F4 /* Pods_Due.framework in Frameworks */,
			);
			runOnlyForDeploymentPostprocessing = 0;
		};
/* End PBXFrameworksBuildPhase section */

/* Begin PBXGroup section */
		999C0D08E89A9F1BE24C5EF2 /* Pods */ = {
			isa = PBXGroup;
			children = (
				0DD040F4241C3A1EE4365BCB /* Pods-Due.debug.xcconfig */,
				586DCA15D0CAE131316E672C /* Pods-Due.release.xcconfig */,
			);
			name = Pods;
			sourceTree = "<group>";
		};
		A04131471F75731C007337EA = {
			isa = PBXGroup;
			children = (
				A04131521F75731C007337EA /* Due */,
				A04131511F75731C007337EA /* Products */,
				999C0D08E89A9F1BE24C5EF2 /* Pods */,
				BEF383DFBAFDD439C0EFA162 /* Frameworks */,
			);
			sourceTree = "<group>";
		};
		A04131511F75731C007337EA /* Products */ = {
			isa = PBXGroup;
			children = (
				A04131501F75731C007337EA /* Due.app */,
			);
			name = Products;
			sourceTree = "<group>";
		};
		A04131521F75731C007337EA /* Due */ = {
			isa = PBXGroup;
			children = (
				A04131671F757EBC007337EA /* Classes */,
				A04131651F757E9C007337EA /* Dependencies */,
				A04131661F757EA9007337EA /* Controllers */,
				A04131531F75731C007337EA /* AppDelegate.swift */,
				A041315A1F75731C007337EA /* Assets.xcassets */,
				A041315C1F75731C007337EA /* LaunchScreen.storyboard */,
				A041315F1F75731C007337EA /* Info.plist */,
				A0D8F21A1F791907005CB665 /* GoogleService-Info.plist */,
			);
			path = Due;
			sourceTree = "<group>";
		};
		A04131651F757E9C007337EA /* Dependencies */ = {
			isa = PBXGroup;
			children = (
				A0D8F21C1F7924C5005CB665 /* MenuBtn */,
				A0D8F2241F7925D1005CB665 /* SweetAlert.swift */,
				A0D8F2181F79169F005CB665 /* iCarousel.h */,
				A0D8F2191F79169F005CB665 /* iCarousel.m */,
				A0D8F2171F79169E005CB665 /* Due-Bridging-Header.h */,
			);
			path = Dependencies;
			sourceTree = "<group>";
		};
		A04131661F757EA9007337EA /* Controllers */ = {
			isa = PBXGroup;
			children = (
				A04131681F757F20007337EA /* Init */,
				A04131691F757F28007337EA /* Home */,
				A041316A1F757F30007337EA /* Portal */,
				A041316B1F757F35007337EA /* DueVersion */,
			);
			path = Controllers;
			sourceTree = "<group>";
		};
		A04131671F757EBC007337EA /* Classes */ = {
			isa = PBXGroup;
			children = (
				A04131711F757FE7007337EA /* Models */,
				A04131701F757FE2007337EA /* Cells */,
				A041316E1F757F8F007337EA /* Views */,
				A041316D1F757F7D007337EA /* CustomClasses */,
			);
			path = Classes;
			sourceTree = "<group>";
		};
		A04131681F757F20007337EA /* Init */ = {
			isa = PBXGroup;
			children = (
				A04131AD1F75845D007337EA /* InitialVC.swift */,
				A04131AF1F7584A0007337EA /* SignupVC.swift */,
				A04131B11F758505007337EA /* DocsVC.swift */,
				A04131B31F758515007337EA /* FaqVC.swift */,
			);
			path = Init;
			sourceTree = "<group>";
		};
		A04131691F757F28007337EA /* Home */ = {
			isa = PBXGroup;
			children = (
				A04131B51F758538007337EA /* HomeVC.swift */,
				A04131B71F758549007337EA /* SaleVC.swift */,
				A04131B91F758557007337EA /* PriceVC.swift */,
				A04131BB1F75856D007337EA /* CheckoutVC.swift */,
				A04131BD1F75857B007337EA /* ReceiptVC.swift */,
				A04131BF1F75858A007337EA /* AccessVC.swift */,
				A04131C11F758596007337EA /* SettingsVC.swift */,
			);
			path = Home;
			sourceTree = "<group>";
		};
		A041316A1F757F30007337EA /* Portal */ = {
			isa = PBXGroup;
			children = (
				A04131C31F7585E1007337EA /* GuideVC.swift */,
				A04131C51F7585F1007337EA /* PortalVC.swift */,
				A04131C71F758603007337EA /* RenewVC.swift */,
				A04131C91F758613007337EA /* EventNameVC.swift */,
				A04131CB1F758622007337EA /* NameChangeVC.swift */,
				A04131CD1F758637007337EA /* MainVC.swift */,
				A04131CF1F758646007337EA /* EditSongVC.swift */,
				A04131D11F75865C007337EA /* CoupleVC.swift */,
				A04131D31F75866A007337EA /* EditCoupleVC.swift */,
				A04131D51F75867B007337EA /* PhotoAlbumVC.swift */,
				A04131D71F75868F007337EA /* AddPhotoVC.swift */,
				A04131D91F7586A1007337EA /* PadrinhosVC.swift */,
				A04131DB1F7586BA007337EA /* AddPadrinhoVC.swift */,
				A04131DD1F7586CC007337EA /* EventoVC.swift */,
				A04131DF1F7586D8007337EA /* InfoListVC.swift */,
				A04131E11F7586E7007337EA /* EditInfoVC.swift */,
				A04131E31F7586FF007337EA /* GiftsVC.swift */,
				A04131E51F758712007337EA /* GiftsGuideVC.swift */,
				A04131E71F758720007337EA /* FormVC.swift */,
			);
			path = Portal;
			sourceTree = "<group>";
		};
		A041316B1F757F35007337EA /* DueVersion */ = {
			isa = PBXGroup;
			children = (
				A04131E91F758755007337EA /* LoadingVC.swift */,
				A04131EB1F75877F007337EA /* TabBar.swift */,
				A04131ED1F758795007337EA /* FirstVC.swift */,
				A04131EF1F7587A2007337EA /* CasalVC.swift */,
				A04131F11F7587B5007337EA /* AlbumVC.swift */,
				A04131F31F7587C4007337EA /* SecondVC.swift */,
				A04131F51F7587D2007337EA /* ThirdVC.swift */,
				A04131F71F7587EC007337EA /* MessagesVC.swift */,
				A04131F91F7587FC007337EA /* MessageVC.swift */,
				A04131FB1F75880E007337EA /* PhotosVC.swift */,
				A04131FD1F758822007337EA /* PhotoZoomVC.swift */,
				A04131FF1F75882F007337EA /* PhotoVC.swift */,
				A04132011F75883D007337EA /* EventVC.swift */,
				A04132031F758847007337EA /* InfoVC.swift */,
				A04132051F758854007337EA /* FourthVC.swift */,
				A04132071F758865007337EA /* ChargeVC.swift */,
				A04132091F758876007337EA /* ChargeFaqVC.swift */,
			);
			path = DueVersion;
			sourceTree = "<group>";
		};
		A041316D1F757F7D007337EA /* CustomClasses */ = {
			isa = PBXGroup;
			children = (
				A04131881F7581EE007337EA /* NetworkImageView.swift */,
				A041318A1F758201007337EA /* BounceButton.swift */,
				A041318C1F75820F007337EA /* CustomTF.swift */,
				A041318E1F758222007337EA /* Support.swift */,
			);
			path = CustomClasses;
			sourceTree = "<group>";
		};
		A041316E1F757F8F007337EA /* Views */ = {
			isa = PBXGroup;
			children = (
				A04131921F758241007337EA /* LoadingView.swift */,
				A04131941F758250007337EA /* DiagonalView.swift */,
				A04131961F758260007337EA /* CardBack.swift */,
				A04131981F758269007337EA /* CardFront.swift */,
			);
			path = Views;
			sourceTree = "<group>";
		};
		A04131701F757FE2007337EA /* Cells */ = {
			isa = PBXGroup;
			children = (
				A041319A1F758284007337EA /* HomeScreenCell.swift */,
				A041319C1F758290007337EA /* PortalCell.swift */,
				A041319E1F758299007337EA /* InfoCell.swift */,
				A04131A01F7582A8007337EA /* PadrinhoCell.swift */,
				A04131A21F7582C0007337EA /* ForneCell.swift */,
				A04131A41F7582D3007337EA /* CoupleCell.swift */,
				A04131A61F7582E6007337EA /* StoryCell.swift */,
				A04131A81F7582F6007337EA /* AlbumPhotoCell.swift */,
				A04131AA1F758301007337EA /* PhotoCell.swift */,
			);
			path = Cells;
			sourceTree = "<group>";
		};
		A04131711F757FE7007337EA /* Models */ = {
			isa = PBXGroup;
			children = (
				A04131721F7580B9007337EA /* EventModel.swift */,
				A04131741F7580F0007337EA /* DetailsModel.swift */,
				A04131761F758155007337EA /* PortalButton.swift */,
				A04131781F758163007337EA /* Donation.swift */,
				A041317A1F758171007337EA /* Photo.swift */,
				A041317C1F75817C007337EA /* Message.swift */,
				A041317E1F75818B007337EA /* Padrinho.swift */,
				A04131801F758197007337EA /* Info.swift */,
				A04131821F7581A8007337EA /* Forne.swift */,
				A04131841F7581B1007337EA /* Foto.swift */,
				A04131861F7581C4007337EA /* AlbumPhoto.swift */,
			);
			path = Models;
			sourceTree = "<group>";
		};
		A0D8F21C1F7924C5005CB665 /* MenuBtn */ = {
			isa = PBXGroup;
			children = (
				A0D8F21D1F7924C5005CB665 /* KCFABManager.swift */,
				A0D8F21E1F7924C5005CB665 /* KCFABViewController.swift */,
				A0D8F21F1F7924C5005CB665 /* KCFABWindow.swift */,
				A0D8F2201F7924C5005CB665 /* KCFloatingActionButton.h */,
				A0D8F2211F7924C5005CB665 /* KCFloatingActionButton.swift */,
				A0D8F2221F7924C5005CB665 /* KCFloatingActionButtonDelegate.swift */,
				A0D8F2231F7924C5005CB665 /* KCFloatingActionButtonItem.swift */,
			);
			path = MenuBtn;
			sourceTree = "<group>";
		};
		BEF383DFBAFDD439C0EFA162 /* Frameworks */ = {
			isa = PBXGroup;
			children = (
				6E47723E829DDED0C9E252E8 /* Pods_Due.framework */,
			);
			name = Frameworks;
			sourceTree = "<group>";
		};
/* End PBXGroup section */

/* Begin PBXNativeTarget section */
		A041314F1F75731C007337EA /* Due */ = {
			isa = PBXNativeTarget;
			buildConfigurationList = A04131621F75731C007337EA /* Build configuration list for PBXNativeTarget "Due" */;
			buildPhases = (
				424F1D852E5F25E794DCF55E /* [CP] Check Pods Manifest.lock */,
				A041314C1F75731C007337EA /* Sources */,
				A041314D1F75731C007337EA /* Frameworks */,
				A041314E1F75731C007337EA /* Resources */,
				E14A1B639CC0AB857C85999A /* [CP] Embed Pods Frameworks */,
				770563087EA22294E4737315 /* [CP] Copy Pods Resources */,
			);
			buildRules = (
			);
			dependencies = (
			);
			name = Due;
			productName = Due;
			productReference = A04131501F75731C007337EA /* Due.app */;
			productType = "com.apple.product-type.application";
		};
/* End PBXNativeTarget section */

/* Begin PBXProject section */
		A04131481F75731C007337EA /* Project object */ = {
			isa = PBXProject;
			attributes = {
				LastSwiftUpdateCheck = 0900;
				LastUpgradeCheck = 0900;
				ORGANIZATIONNAME = "Hera Technologies";
				TargetAttributes = {
					A041314F1F75731C007337EA = {
						CreatedOnToolsVersion = 9.0;
						LastSwiftMigration = 0900;
						ProvisioningStyle = Automatic;
					};
				};
			};
			buildConfigurationList = A041314B1F75731C007337EA /* Build configuration list for PBXProject "Due" */;
			compatibilityVersion = "Xcode 8.0";
			developmentRegion = en;
			hasScannedForEncodings = 0;
			knownRegions = (
				en,
				Base,
			);
			mainGroup = A04131471F75731C007337EA;
			productRefGroup = A04131511F75731C007337EA /* Products */;
			projectDirPath = "";
			projectRoot = "";
			targets = (
				A041314F1F75731C007337EA /* Due */,
			);
		};
/* End PBXProject section */

/* Begin PBXResourcesBuildPhase section */
		A041314E1F75731C007337EA /* Resources */ = {
			isa = PBXResourcesBuildPhase;
			buildActionMask = 2147483647;
			files = (
				A041315E1F75731C007337EA /* LaunchScreen.storyboard in Resources */,
				A041315B1F75731C007337EA /* Assets.xcassets in Resources */,
			);
			runOnlyForDeploymentPostprocessing = 0;
		};
/* End PBXResourcesBuildPhase section */

/* Begin PBXShellScriptBuildPhase section */
		424F1D852E5F25E794DCF55E /* [CP] Check Pods Manifest.lock */ = {
			isa = PBXShellScriptBuildPhase;
			buildActionMask = 2147483647;
			files = (
			);
			inputPaths = (
				"${PODS_PODFILE_DIR_PATH}/Podfile.lock",
				"${PODS_ROOT}/Manifest.lock",
			);
			name = "[CP] Check Pods Manifest.lock";
			outputPaths = (
				"$(DERIVED_FILE_DIR)/Pods-Due-checkManifestLockResult.txt",
			);
			runOnlyForDeploymentPostprocessing = 0;
			shellPath = /bin/sh;
			shellScript = "diff \"${PODS_PODFILE_DIR_PATH}/Podfile.lock\" \"${PODS_ROOT}/Manifest.lock\" > /dev/null\nif [ $? != 0 ] ; then\n    # print error to STDERR\n    echo \"error: The sandbox is not in sync with the Podfile.lock. Run 'pod install' or update your CocoaPods installation.\" >&2\n    exit 1\nfi\n# This output is used by Xcode 'outputs' to avoid re-running this script phase.\necho \"SUCCESS\" > \"${SCRIPT_OUTPUT_FILE_0}\"\n";
			showEnvVarsInLog = 0;
		};
		770563087EA22294E4737315 /* [CP] Copy Pods Resources */ = {
			isa = PBXShellScriptBuildPhase;
			buildActionMask = 2147483647;
			files = (
			);
			inputPaths = (
				"${SRCROOT}/Pods/Target Support Files/Pods-Due/Pods-Due-resources.sh",
				"${PODS_ROOT}/GoogleSignIn/Resources/GoogleSignIn.bundle",
			);
			name = "[CP] Copy Pods Resources";
			outputPaths = (
				"${TARGET_BUILD_DIR}/${UNLOCALIZED_RESOURCES_FOLDER_PATH}",
			);
			runOnlyForDeploymentPostprocessing = 0;
			shellPath = /bin/sh;
			shellScript = "\"${SRCROOT}/Pods/Target Support Files/Pods-Due/Pods-Due-resources.sh\"\n";
			showEnvVarsInLog = 0;
		};
		E14A1B639CC0AB857C85999A /* [CP] Embed Pods Frameworks */ = {
			isa = PBXShellScriptBuildPhase;
			buildActionMask = 2147483647;
			files = (
			);
			inputPaths = (
				"${SRCROOT}/Pods/Target Support Files/Pods-Due/Pods-Due-frameworks.sh",
				"${BUILT_PRODUCTS_DIR}/Alamofire/Alamofire.framework",
				"${BUILT_PRODUCTS_DIR}/Bolts/Bolts.framework",
				"${BUILT_PRODUCTS_DIR}/FBSDKCoreKit/FBSDKCoreKit.framework",
				"${BUILT_PRODUCTS_DIR}/FBSDKLoginKit/FBSDKLoginKit.framework",
				"${BUILT_PRODUCTS_DIR}/FBSDKShareKit/FBSDKShareKit.framework",
				"${BUILT_PRODUCTS_DIR}/GTMOAuth2/GTMOAuth2.framework",
				"${BUILT_PRODUCTS_DIR}/GTMSessionFetcher/GTMSessionFetcher.framework",
				"${BUILT_PRODUCTS_DIR}/GoogleToolboxForMac/GoogleToolboxForMac.framework",
				"${BUILT_PRODUCTS_DIR}/IQKeyboardManagerSwift/IQKeyboardManagerSwift.framework",
				"${BUILT_PRODUCTS_DIR}/Presentr/Presentr.framework",
				"${BUILT_PRODUCTS_DIR}/Stripe/Stripe.framework",
				"${BUILT_PRODUCTS_DIR}/leveldb-library/leveldb.framework",
				"${BUILT_PRODUCTS_DIR}/nanopb/nanopb.framework",
			);
			name = "[CP] Embed Pods Frameworks";
			outputPaths = (
				"${TARGET_BUILD_DIR}/${FRAMEWORKS_FOLDER_PATH}/Alamofire.framework",
				"${TARGET_BUILD_DIR}/${FRAMEWORKS_FOLDER_PATH}/Bolts.framework",
				"${TARGET_BUILD_DIR}/${FRAMEWORKS_FOLDER_PATH}/FBSDKCoreKit.framework",
				"${TARGET_BUILD_DIR}/${FRAMEWORKS_FOLDER_PATH}/FBSDKLoginKit.framework",
				"${TARGET_BUILD_DIR}/${FRAMEWORKS_FOLDER_PATH}/FBSDKShareKit.framework",
				"${TARGET_BUILD_DIR}/${FRAMEWORKS_FOLDER_PATH}/GTMOAuth2.framework",
				"${TARGET_BUILD_DIR}/${FRAMEWORKS_FOLDER_PATH}/GTMSessionFetcher.framework",
				"${TARGET_BUILD_DIR}/${FRAMEWORKS_FOLDER_PATH}/GoogleToolboxForMac.framework",
				"${TARGET_BUILD_DIR}/${FRAMEWORKS_FOLDER_PATH}/IQKeyboardManagerSwift.framework",
				"${TARGET_BUILD_DIR}/${FRAMEWORKS_FOLDER_PATH}/Presentr.framework",
				"${TARGET_BUILD_DIR}/${FRAMEWORKS_FOLDER_PATH}/Stripe.framework",
				"${TARGET_BUILD_DIR}/${FRAMEWORKS_FOLDER_PATH}/leveldb.framework",
				"${TARGET_BUILD_DIR}/${FRAMEWORKS_FOLDER_PATH}/nanopb.framework",
			);
			runOnlyForDeploymentPostprocessing = 0;
			shellPath = /bin/sh;
			shellScript = "\"${SRCROOT}/Pods/Target Support Files/Pods-Due/Pods-Due-frameworks.sh\"\n";
			showEnvVarsInLog = 0;
		};
/* End PBXShellScriptBuildPhase section */

/* Begin PBXSourcesBuildPhase section */
		A041314C1F75731C007337EA /* Sources */ = {
			isa = PBXSourcesBuildPhase;
			buildActionMask = 2147483647;
			files = (
				A04131BC1F75856D007337EA /* CheckoutVC.swift in Sources */,
				A04131FA1F7587FC007337EA /* MessageVC.swift in Sources */,
				A041317B1F758171007337EA /* Photo.swift in Sources */,
				A04131E21F7586E7007337EA /* EditInfoVC.swift in Sources */,
				A04131B61F758538007337EA /* HomeVC.swift in Sources */,
				A04131991F758269007337EA /* CardFront.swift in Sources */,
				A04131A71F7582E6007337EA /* StoryCell.swift in Sources */,
				A04131B41F758515007337EA /* FaqVC.swift in Sources */,
				A04131D41F75866A007337EA /* EditCoupleVC.swift in Sources */,
				A04131FC1F75880E007337EA /* PhotosVC.swift in Sources */,
				A04131DE1F7586CC007337EA /* EventoVC.swift in Sources */,
				A04131D81F75868F007337EA /* AddPhotoVC.swift in Sources */,
				A04131B81F758549007337EA /* SaleVC.swift in Sources */,
				A04131F21F7587B5007337EA /* AlbumVC.swift in Sources */,
				A04131871F7581C4007337EA /* AlbumPhoto.swift in Sources */,
				A04131771F758155007337EA /* PortalButton.swift in Sources */,
				A04131751F7580F0007337EA /* DetailsModel.swift in Sources */,
				A04131811F758197007337EA /* Info.swift in Sources */,
				A04131EA1F758755007337EA /* LoadingVC.swift in Sources */,
				A04131851F7581B1007337EA /* Foto.swift in Sources */,
				A04131951F758250007337EA /* DiagonalView.swift in Sources */,
				A04131C21F758596007337EA /* SettingsVC.swift in Sources */,
				A04131F81F7587EC007337EA /* MessagesVC.swift in Sources */,
				A04131F61F7587D2007337EA /* ThirdVC.swift in Sources */,
				A04132041F758847007337EA /* InfoVC.swift in Sources */,
				A04131E41F7586FF007337EA /* GiftsVC.swift in Sources */,
				A04131C81F758603007337EA /* RenewVC.swift in Sources */,
				A04132021F75883D007337EA /* EventVC.swift in Sources */,
				A04131E81F758720007337EA /* FormVC.swift in Sources */,
				A04131DA1F7586A1007337EA /* PadrinhosVC.swift in Sources */,
				A04132061F758854007337EA /* FourthVC.swift in Sources */,
				A04131B21F758505007337EA /* DocsVC.swift in Sources */,
				A04131C41F7585E1007337EA /* GuideVC.swift in Sources */,
				A04131D61F75867B007337EA /* PhotoAlbumVC.swift in Sources */,
				A04131D01F758646007337EA /* EditSongVC.swift in Sources */,
				A04131F41F7587C4007337EA /* SecondVC.swift in Sources */,
				A041319F1F758299007337EA /* InfoCell.swift in Sources */,
				A04131891F7581EE007337EA /* NetworkImageView.swift in Sources */,
				A04132001F75882F007337EA /* PhotoVC.swift in Sources */,
				A04131E61F758712007337EA /* GiftsGuideVC.swift in Sources */,
				A04131AE1F75845D007337EA /* InitialVC.swift in Sources */,
				A04131CA1F758613007337EA /* EventNameVC.swift in Sources */,
				A041317F1F75818B007337EA /* Padrinho.swift in Sources */,
				A04131791F758163007337EA /* Donation.swift in Sources */,
				A041317D1F75817C007337EA /* Message.swift in Sources */,
				A04131CC1F758622007337EA /* NameChangeVC.swift in Sources */,
				A04131F01F7587A2007337EA /* CasalVC.swift in Sources */,
				A04132081F758865007337EA /* ChargeVC.swift in Sources */,
				A041318B1F758201007337EA /* BounceButton.swift in Sources */,
				A04131FE1F758822007337EA /* PhotoZoomVC.swift in Sources */,
				A041320A1F758876007337EA /* ChargeFaqVC.swift in Sources */,
				A04131731F7580B9007337EA /* EventModel.swift in Sources */,
				A04131831F7581A8007337EA /* Forne.swift in Sources */,
				A04131CE1F758637007337EA /* MainVC.swift in Sources */,
				A041318D1F75820F007337EA /* CustomTF.swift in Sources */,
				A04131A91F7582F6007337EA /* AlbumPhotoCell.swift in Sources */,
				A04131A51F7582D3007337EA /* CoupleCell.swift in Sources */,
				A04131BA1F758557007337EA /* PriceVC.swift in Sources */,
				A04131A31F7582C0007337EA /* ForneCell.swift in Sources */,
				A041318F1F758222007337EA /* Support.swift in Sources */,
				A04131B01F7584A0007337EA /* SignupVC.swift in Sources */,
				A04131BE1F75857B007337EA /* ReceiptVC.swift in Sources */,
				A04131E01F7586D8007337EA /* InfoListVC.swift in Sources */,
				A04131AB1F758301007337EA /* PhotoCell.swift in Sources */,
				A04131D21F75865C007337EA /* CoupleVC.swift in Sources */,
				A04131EE1F758795007337EA /* FirstVC.swift in Sources */,
				A04131DC1F7586BA007337EA /* AddPadrinhoVC.swift in Sources */,
				A04131C61F7585F1007337EA /* PortalVC.swift in Sources */,
				A04131971F758260007337EA /* CardBack.swift in Sources */,
				A041319B1F758284007337EA /* HomeScreenCell.swift in Sources */,
				A04131A11F7582A8007337EA /* PadrinhoCell.swift in Sources */,
				A04131C01F75858A007337EA /* AccessVC.swift in Sources */,
				A041319D1F758290007337EA /* PortalCell.swift in Sources */,
				A04131931F758241007337EA /* LoadingView.swift in Sources */,
				A04131541F75731C007337EA /* AppDelegate.swift in Sources */,
				A04131EC1F75877F007337EA /* TabBar.swift in Sources */,
			);
			runOnlyForDeploymentPostprocessing = 0;
		};
/* End PBXSourcesBuildPhase section */

/* Begin PBXVariantGroup section */
		A041315C1F75731C007337EA /* LaunchScreen.storyboard */ = {
			isa = PBXVariantGroup;
			children = (
				A041315D1F75731C007337EA /* Base */,
			);
			name = LaunchScreen.storyboard;
			sourceTree = "<group>";
		};
/* End PBXVariantGroup section */

/* Begin XCBuildConfiguration section */
		A04131601F75731C007337EA /* Debug */ = {
			isa = XCBuildConfiguration;
			buildSettings = {
				ALWAYS_SEARCH_USER_PATHS = NO;
				CLANG_ANALYZER_NONNULL = YES;
				CLANG_ANALYZER_NUMBER_OBJECT_CONVERSION = YES_AGGRESSIVE;
				CLANG_CXX_LANGUAGE_STANDARD = "gnu++14";
				CLANG_CXX_LIBRARY = "libc++";
				CLANG_ENABLE_MODULES = YES;
				CLANG_ENABLE_OBJC_ARC = YES;
				CLANG_WARN_BLOCK_CAPTURE_AUTORELEASING = YES;
				CLANG_WARN_BOOL_CONVERSION = YES;
				CLANG_WARN_COMMA = YES;
				CLANG_WARN_CONSTANT_CONVERSION = YES;
				CLANG_WARN_DIRECT_OBJC_ISA_USAGE = YES_ERROR;
				CLANG_WARN_DOCUMENTATION_COMMENTS = YES;
				CLANG_WARN_EMPTY_BODY = YES;
				CLANG_WARN_ENUM_CONVERSION = YES;
				CLANG_WARN_INFINITE_RECURSION = YES;
				CLANG_WARN_INT_CONVERSION = YES;
				CLANG_WARN_NON_LITERAL_NULL_CONVERSION = YES;
				CLANG_WARN_OBJC_LITERAL_CONVERSION = YES;
				CLANG_WARN_OBJC_ROOT_CLASS = YES_ERROR;
				CLANG_WARN_RANGE_LOOP_ANALYSIS = YES;
				CLANG_WARN_STRICT_PROTOTYPES = YES;
				CLANG_WARN_SUSPICIOUS_MOVE = YES;
				CLANG_WARN_UNGUARDED_AVAILABILITY = YES_AGGRESSIVE;
				CLANG_WARN_UNREACHABLE_CODE = YES;
				CLANG_WARN__DUPLICATE_METHOD_MATCH = YES;
				CODE_SIGN_IDENTITY = "iPhone Developer";
				COPY_PHASE_STRIP = NO;
				DEBUG_INFORMATION_FORMAT = dwarf;
				ENABLE_STRICT_OBJC_MSGSEND = YES;
				ENABLE_TESTABILITY = YES;
				GCC_C_LANGUAGE_STANDARD = gnu11;
				GCC_DYNAMIC_NO_PIC = NO;
				GCC_NO_COMMON_BLOCKS = YES;
				GCC_OPTIMIZATION_LEVEL = 0;
				GCC_PREPROCESSOR_DEFINITIONS = (
					"DEBUG=1",
					"$(inherited)",
				);
				GCC_WARN_64_TO_32_BIT_CONVERSION = YES;
				GCC_WARN_ABOUT_RETURN_TYPE = YES_ERROR;
				GCC_WARN_UNDECLARED_SELECTOR = YES;
				GCC_WARN_UNINITIALIZED_AUTOS = YES_AGGRESSIVE;
				GCC_WARN_UNUSED_FUNCTION = YES;
				GCC_WARN_UNUSED_VARIABLE = YES;
				IPHONEOS_DEPLOYMENT_TARGET = 9.0;
				MTL_ENABLE_DEBUG_INFO = YES;
				ONLY_ACTIVE_ARCH = YES;
				SDKROOT = iphoneos;
				SWIFT_ACTIVE_COMPILATION_CONDITIONS = DEBUG;
				SWIFT_OPTIMIZATION_LEVEL = "-Onone";
			};
			name = Debug;
		};
		A04131611F75731C007337EA /* Release */ = {
			isa = XCBuildConfiguration;
			buildSettings = {
				ALWAYS_SEARCH_USER_PATHS = NO;
				CLANG_ANALYZER_NONNULL = YES;
				CLANG_ANALYZER_NUMBER_OBJECT_CONVERSION = YES_AGGRESSIVE;
				CLANG_CXX_LANGUAGE_STANDARD = "gnu++14";
				CLANG_CXX_LIBRARY = "libc++";
				CLANG_ENABLE_MODULES = YES;
				CLANG_ENABLE_OBJC_ARC = YES;
				CLANG_WARN_BLOCK_CAPTURE_AUTORELEASING = YES;
				CLANG_WARN_BOOL_CONVERSION = YES;
				CLANG_WARN_COMMA = YES;
				CLANG_WARN_CONSTANT_CONVERSION = YES;
				CLANG_WARN_DIRECT_OBJC_ISA_USAGE = YES_ERROR;
				CLANG_WARN_DOCUMENTATION_COMMENTS = YES;
				CLANG_WARN_EMPTY_BODY = YES;
				CLANG_WARN_ENUM_CONVERSION = YES;
				CLANG_WARN_INFINITE_RECURSION = YES;
				CLANG_WARN_INT_CONVERSION = YES;
				CLANG_WARN_NON_LITERAL_NULL_CONVERSION = YES;
				CLANG_WARN_OBJC_LITERAL_CONVERSION = YES;
				CLANG_WARN_OBJC_ROOT_CLASS = YES_ERROR;
				CLANG_WARN_RANGE_LOOP_ANALYSIS = YES;
				CLANG_WARN_STRICT_PROTOTYPES = YES;
				CLANG_WARN_SUSPICIOUS_MOVE = YES;
				CLANG_WARN_UNGUARDED_AVAILABILITY = YES_AGGRESSIVE;
				CLANG_WARN_UNREACHABLE_CODE = YES;
				CLANG_WARN__DUPLICATE_METHOD_MATCH = YES;
				CODE_SIGN_IDENTITY = "iPhone Developer";
				COPY_PHASE_STRIP = NO;
				DEBUG_INFORMATION_FORMAT = "dwarf-with-dsym";
				ENABLE_NS_ASSERTIONS = NO;
				ENABLE_STRICT_OBJC_MSGSEND = YES;
				GCC_C_LANGUAGE_STANDARD = gnu11;
				GCC_NO_COMMON_BLOCKS = YES;
				GCC_WARN_64_TO_32_BIT_CONVERSION = YES;
				GCC_WARN_ABOUT_RETURN_TYPE = YES_ERROR;
				GCC_WARN_UNDECLARED_SELECTOR = YES;
				GCC_WARN_UNINITIALIZED_AUTOS = YES_AGGRESSIVE;
				GCC_WARN_UNUSED_FUNCTION = YES;
				GCC_WARN_UNUSED_VARIABLE = YES;
				IPHONEOS_DEPLOYMENT_TARGET = 9.0;
				MTL_ENABLE_DEBUG_INFO = NO;
				SDKROOT = iphoneos;
				SWIFT_OPTIMIZATION_LEVEL = "-Owholemodule";
				VALIDATE_PRODUCT = YES;
			};
			name = Release;
		};
		A04131631F75731C007337EA /* Debug */ = {
			isa = XCBuildConfiguration;
			baseConfigurationReference = 0DD040F4241C3A1EE4365BCB /* Pods-Due.debug.xcconfig */;
			buildSettings = {
				ASSETCATALOG_COMPILER_APPICON_NAME = AppIcon;
				CLANG_ENABLE_MODULES = YES;
				CODE_SIGN_STYLE = Automatic;
				DEVELOPMENT_TEAM = NWHFT8X67Q;
				INFOPLIST_FILE = Due/Info.plist;
				IPHONEOS_DEPLOYMENT_TARGET = 9.0;
				LD_RUNPATH_SEARCH_PATHS = "$(inherited) @executable_path/Frameworks";
				PRODUCT_BUNDLE_IDENTIFIER = "Hera-Technologies.Due";
				PRODUCT_NAME = "$(TARGET_NAME)";
				SWIFT_OBJC_BRIDGING_HEADER = "Due/Dependencies/Due-Bridging-Header.h";
				SWIFT_OPTIMIZATION_LEVEL = "-Onone";
				SWIFT_VERSION = 3.0;
				TARGETED_DEVICE_FAMILY = 1;
			};
			name = Debug;
		};
		A04131641F75731C007337EA /* Release */ = {
			isa = XCBuildConfiguration;
			baseConfigurationReference = 586DCA15D0CAE131316E672C /* Pods-Due.release.xcconfig */;
			buildSettings = {
				ASSETCATALOG_COMPILER_APPICON_NAME = AppIcon;
				CLANG_ENABLE_MODULES = YES;
				CODE_SIGN_STYLE = Automatic;
				DEVELOPMENT_TEAM = NWHFT8X67Q;
				INFOPLIST_FILE = Due/Info.plist;
				IPHONEOS_DEPLOYMENT_TARGET = 9.0;
				LD_RUNPATH_SEARCH_PATHS = "$(inherited) @executable_path/Frameworks";
				PRODUCT_BUNDLE_IDENTIFIER = "Hera-Technologies.Due";
				PRODUCT_NAME = "$(TARGET_NAME)";
				SWIFT_OBJC_BRIDGING_HEADER = "Due/Dependencies/Due-Bridging-Header.h";
				SWIFT_VERSION = 3.0;
				TARGETED_DEVICE_FAMILY = 1;
			};
			name = Release;
		};
/* End XCBuildConfiguration section */

/* Begin XCConfigurationList section */
		A041314B1F75731C007337EA /* Build configuration list for PBXProject "Due" */ = {
			isa = XCConfigurationList;
			buildConfigurations = (
				A04131601F75731C007337EA /* Debug */,
				A04131611F75731C007337EA /* Release */,
			);
			defaultConfigurationIsVisible = 0;
			defaultConfigurationName = Release;
		};
		A04131621F75731C007337EA /* Build configuration list for PBXNativeTarget "Due" */ = {
			isa = XCConfigurationList;
			buildConfigurations = (
				A04131631F75731C007337EA /* Debug */,
				A04131641F75731C007337EA /* Release */,
			);
			defaultConfigurationIsVisible = 0;
			defaultConfigurationName = Release;
		};
/* End XCConfigurationList section */
	};
	rootObject = A04131481F75731C007337EA /* Project object */;
}
